
Microsoft Visual Studio Solution File, Format Version 12.00
# Visual Studio Version 17
VisualStudioVersion = 17.2.32505.173
MinimumVisualStudioVersion = 10.0.40219.1
Project("{FAE04EC0-301F-11D3-BF4B-00C04F79EFBC}") = "EntityTask", "EntityTask\EntityTask.csproj", "{CC561691-3419-46B3-9D5C-F6D2EB3B7AE7}"
EndProject
Global
	GlobalSection(SolutionConfigurationPlatforms) = preSolution
		Debug|Any CPU = Debug|Any CPU
		Release|Any CPU = Release|Any CPU
	EndGlobalSection
	GlobalSection(ProjectConfigurationPlatforms) = postSolution
		{CC561691-3419-46B3-9D5C-F6D2EB3B7AE7}.Debug|Any CPU.ActiveCfg = Debug|Any CPU
		{CC561691-3419-46B3-9D5C-F6D2EB3B7AE7}.Debug|Any CPU.Build.0 = Debug|Any CPU
		{CC561691-3419-46B3-9D5C-F6D2EB3B7AE7}.Release|Any CPU.ActiveCfg = Release|Any CPU
		{CC561691-3419-46B3-9D5C-F6D2EB3B7AE7}.Release|Any CPU.Build.0 = Release|Any CPU
	EndGlobalSection
	GlobalSection(SolutionProperties) = preSolution
		HideSolutionNode = FALSE
	EndGlobalSection
	GlobalSection(ExtensibilityGlobals) = postSolution
		SolutionGuid = {E0AABBB7-F658-44F5-A38B-47341F429293}
	EndGlobalSection
EndGlobal
